
Microsoft Visual Studio Solution File, Format Version 12.00
# Visual Studio Version 17
VisualStudioVersion = 17.14.36127.28 d17.14
MinimumVisualStudioVersion = 10.0.40219.1
Project("{FAE04EC0-301F-11D3-BF4B-00C04F79EFBC}") = "Final Project", "Final Project.csproj", "{A105ABB3-957F-41B5-B5AC-6403FAFF08F0}"
EndProject
Global
	GlobalSection(SolutionConfigurationPlatforms) = preSolution
		Debug|Any CPU = Debug|Any CPU
		Release|Any CPU = Release|Any CPU
	EndGlobalSection
	GlobalSection(ProjectConfigurationPlatforms) = postSolution
		{A105ABB3-957F-41B5-B5AC-6403FAFF08F0}.Debug|Any CPU.ActiveCfg = Debug|Any CPU
		{A105ABB3-957F-41B5-B5AC-6403FAFF08F0}.Debug|Any CPU.Build.0 = Debug|Any CPU
		{A105ABB3-957F-41B5-B5AC-6403FAFF08F0}.Release|Any CPU.ActiveCfg = Release|Any CPU
		{A105ABB3-957F-41B5-B5AC-6403FAFF08F0}.Release|Any CPU.Build.0 = Release|Any CPU
	EndGlobalSection
	GlobalSection(SolutionProperties) = preSolution
		HideSolutionNode = FALSE
	EndGlobalSection
	GlobalSection(ExtensibilityGlobals) = postSolution
		SolutionGuid = {0EC34059-0874-4948-B4A7-5D78E51760EF}
	EndGlobalSection
EndGlobal
